
Microsoft Visual Studio Solution File, Format Version 12.00
# Visual Studio 15
VisualStudioVersion = 15.0.28307.902
MinimumVisualStudioVersion = 10.0.40219.1
Project("{FAE04EC0-301F-11D3-BF4B-00C04F79EFBC}") = "WebCamCapPic", "WebCamCapPic.csproj", "{A2BBD37D-6474-4752-88CA-0414E7D71E46}"
EndProject
Global
	GlobalSection(SolutionConfigurationPlatforms) = preSolution
		Debug|Any CPU = Debug|Any CPU
		Release|Any CPU = Release|Any CPU
	EndGlobalSection
	GlobalSection(ProjectConfigurationPlatforms) = postSolution
		{A2BBD37D-6474-4752-88CA-0414E7D71E46}.Debug|Any CPU.ActiveCfg = Debug|Any CPU
		{A2BBD37D-6474-4752-88CA-0414E7D71E46}.Debug|Any CPU.Build.0 = Debug|Any CPU
		{A2BBD37D-6474-4752-88CA-0414E7D71E46}.Release|Any CPU.ActiveCfg = Release|Any CPU
		{A2BBD37D-6474-4752-88CA-0414E7D71E46}.Release|Any CPU.Build.0 = Release|Any CPU
	EndGlobalSection
	GlobalSection(SolutionProperties) = preSolution
		HideSolutionNode = FALSE
	EndGlobalSection
	GlobalSection(ExtensibilityGlobals) = postSolution
		SolutionGuid = {D31F4EB8-0F03-4CC2-8DC0-714EE9A385F6}
	EndGlobalSection
EndGlobal
